// !$*UTF8*$!
{
	archiveVersion = 1;
	classes = {
	};
	objectVersion = 46;
	objects = {

/* Begin PBXBuildFile section */
		1F7D82F41B4B11CB0061B5EA /* main.cpp in Sources */ = {isa = PBXBuildFile; fileRef = 1F7D82F31B4B11CB0061B5EA /* main.cpp */; };
		1F7D82FB1B4B11DD0061B5EA /* GLUT.framework in Frameworks */ = {isa = PBXBuildFile; fileRef = 1F7D82FA1B4B11DD0061B5EA /* GLUT.framework */; };
		1F7D82FD1B4B11E20061B5EA /* OpenGL.framework in Frameworks */ = {isa = PBXBuildFile; fileRef = 1F7D82FC1B4B11E20061B5EA /* OpenGL.framework */; };
/* End PBXBuildFile section */

/* Begin PBXCopyFilesBuildPhase section */
		1F7D82EE1B4B11CA0061B5EA /* CopyFiles */ = {
			isa = PBXCopyFilesBuildPhase;
			buildActionMask = 2147483647;
			dstPath = /usr/share/man/man1/;
			dstSubfolderSpec = 0;
			files = (
			);
			runOnlyForDeploymentPostprocessing = 1;
		};
/* End PBXCopyFilesBuildPhase section */

/* Begin PBXFileReference section */
		1F7D82F01B4B11CA0061B5EA /* Region filling ScanLine Algorithm */ = {isa = PBXFileReference; explicitFileType = "compiled.mach-o.executable"; includeInIndex = 0; path = "Region filling ScanLine Algorithm"; sourceTree = BUILT_PRODUCTS_DIR; };
		1F7D82F31B4B11CB0061B5EA /* main.cpp */ = {isa = PBXFileReference; lastKnownFileType = sourcecode.cpp.cpp; path = main.cpp; sourceTree = "<group>"; };
		1F7D82FA1B4B11DD0061B5EA /* GLUT.framework */ = {isa = PBXFileReference; lastKnownFileType = wrapper.framework; name = GLUT.framework; path = System/Library/Frameworks/GLUT.framework; sourceTree = SDKROOT; };
		1F7D82FC1B4B11E20061B5EA /* OpenGL.framework */ = {isa = PBXFileReference; lastKnownFileType = wrapper.framework; name = OpenGL.framework; path = System/Library/Frameworks/OpenGL.framework; sourceTree = SDKROOT; };
/* End PBXFileReference section */

/* Begin PBXFrameworksBuildPhase section */
		1F7D82ED1B4B11CA0061B5EA /* Frameworks */ = {
			isa = PBXFrameworksBuildPhase;
			buildActionMask = 2147483647;
			files = (
				1F7D82FD1B4B11E20061B5EA /* OpenGL.framework in Frameworks */,
				1F7D82FB1B4B11DD0061B5EA /* GLUT.framework in Frameworks */,
			);
			runOnlyForDeploymentPostprocessing = 0;
		};
/* End PBXFrameworksBuildPhase section */

/* Begin PBXGroup section */
		1F7D82E71B4B11CA0061B5EA = {
			isa = PBXGroup;
			children = (
				1F7D82FC1B4B11E20061B5EA /* OpenGL.framework */,
				1F7D82FA1B4B11DD0061B5EA /* GLUT.framework */,
				1F7D82F21B4B11CA0061B5EA /* Region filling ScanLine Algorithm */,
				1F7D82F11B4B11CA0061B5EA /* Products */,
			);
			sourceTree = "<group>";
		};
		1F7D82F11B4B11CA0061B5EA /* Products */ = {
			isa = PBXGroup;
			children = (
				1F7D82F01B4B11CA0061B5EA /* Region filling ScanLine Algorithm */,
			);
			name = Products;
			sourceTree = "<group>";
		};
		1F7D82F21B4B11CA0061B5EA /* Region filling ScanLine Algorithm */ = {
			isa = PBXGroup;
			children = (
				1F7D82F31B4B11CB0061B5EA /* main.cpp */,
			);
			path = "Region filling ScanLine Algorithm";
			sourceTree = "<group>";
		};
/* End PBXGroup section */

/* Begin PBXNativeTarget section */
		1F7D82EF1B4B11CA0061B5EA /* Region filling ScanLine Algorithm */ = {
			isa = PBXNativeTarget;
			buildConfigurationList = 1F7D82F71B4B11CB0061B5EA /* Build configuration list for PBXNativeTarget "Region filling ScanLine Algorithm" */;
			buildPhases = (
				1F7D82EC1B4B11CA0061B5EA /* Sources */,
				1F7D82ED1B4B11CA0061B5EA /* Frameworks */,
				1F7D82EE1B4B11CA0061B5EA /* CopyFiles */,
			);
			buildRules = (
			);
			dependencies = (
			);
			name = "Region filling ScanLine Algorithm";
			productName = "Region filling ScanLine Algorithm";
			productReference = 1F7D82F01B4B11CA0061B5EA /* Region filling ScanLine Algorithm */;
			productType = "com.apple.product-type.tool";
		};
/* End PBXNativeTarget section */

/* Begin PBXProject section */
		1F7D82E81B4B11CA0061B5EA /* Project object */ = {
			isa = PBXProject;
			attributes = {
				LastUpgradeCheck = 0600;
				ORGANIZATIONNAME = "Md. Gaurab";
				TargetAttributes = {
					1F7D82EF1B4B11CA0061B5EA = {
						CreatedOnToolsVersion = 6.0.1;
					};
				};
			};
			buildConfigurationList = 1F7D82EB1B4B11CA0061B5EA /* Build configuration list for PBXProject "Region filling ScanLine Algorithm" */;
			compatibilityVersion = "Xcode 3.2";
			developmentRegion = English;
			hasScannedForEncodings = 0;
			knownRegions = (
				en,
			);
			mainGroup = 1F7D82E71B4B11CA0061B5EA;
			productRefGroup = 1F7D82F11B4B11CA0061B5EA /* Products */;
			projectDirPath = "";
			projectRoot = "";
			targets = (
				1F7D82EF1B4B11CA0061B5EA /* Region filling ScanLine Algorithm */,
			);
		};
/* End PBXProject section */

/* Begin PBXSourcesBuildPhase section */
		1F7D82EC1B4B11CA0061B5EA /* Sources */ = {
			isa = PBXSourcesBuildPhase;
			buildActionMask = 2147483647;
			files = (
				1F7D82F41B4B11CB0061B5EA /* main.cpp in Sources */,
			);
			runOnlyForDeploymentPostprocessing = 0;
		};
/* End PBXSourcesBuildPhase section */

/* Begin XCBuildConfiguration section */
		1F7D82F51B4B11CB0061B5EA /* Debug */ = {
			isa = XCBuildConfiguration;
			buildSettings = {
				ALWAYS_SEARCH_USER_PATHS = NO;
				CLANG_CXX_LANGUAGE_STANDARD = "gnu++0x";
				CLANG_CXX_LIBRARY = "libc++";
				CLANG_ENABLE_MODULES = YES;
				CLANG_ENABLE_OBJC_ARC = YES;
				CLANG_WARN_BOOL_CONVERSION = YES;
				CLANG_WARN_CONSTANT_CONVERSION = YES;
				CLANG_WARN_DIRECT_OBJC_ISA_USAGE = YES_ERROR;
				CLANG_WARN_EMPTY_BODY = YES;
				CLANG_WARN_ENUM_CONVERSION = YES;
				CLANG_WARN_INT_CONVERSION = YES;
				CLANG_WARN_OBJC_ROOT_CLASS = YES_ERROR;
				CLANG_WARN_UNREACHABLE_CODE = YES;
				CLANG_WARN__DUPLICATE_METHOD_MATCH = YES;
				COPY_PHASE_STRIP = NO;
				ENABLE_STRICT_OBJC_MSGSEND = YES;
				GCC_C_LANGUAGE_STANDARD = gnu99;
				GCC_DYNAMIC_NO_PIC = NO;
				GCC_OPTIMIZATION_LEVEL = 0;
				GCC_PREPROCESSOR_DEFINITIONS = (
					"DEBUG=1",
					"$(inherited)",
				);
				GCC_SYMBOLS_PRIVATE_EXTERN = NO;
				GCC_WARN_64_TO_32_BIT_CONVERSION = YES;
				GCC_WARN_ABOUT_RETURN_TYPE = YES_ERROR;
				GCC_WARN_UNDECLARED_SELECTOR = YES;
				GCC_WARN_UNINITIALIZED_AUTOS = YES_AGGRESSIVE;
				GCC_WARN_UNUSED_FUNCTION = YES;
				GCC_WARN_UNUSED_VARIABLE = YES;
				MACOSX_DEPLOYMENT_TARGET = 10.9;
				MTL_ENABLE_DEBUG_INFO = YES;
				ONLY_ACTIVE_ARCH = YES;
				SDKROOT = macosx;
			};
			name = Debug;
		};
		1F7D82F61B4B11CB0061B5EA /* Release */ = {
			isa = XCBuildConfiguration;
			buildSettings = {
				ALWAYS_SEARCH_USER_PATHS = NO;
				CLANG_CXX_LANGUAGE_STANDARD = "gnu++0x";
				CLANG_CXX_LIBRARY = "libc++";
				CLANG_ENABLE_MODULES = YES;
				CLANG_ENABLE_OBJC_ARC = YES;
				CLANG_WARN_BOOL_CONVERSION = YES;
				CLANG_WARN_CONSTANT_CONVERSION = YES;
				CLANG_WARN_DIRECT_OBJC_ISA_USAGE = YES_ERROR;
				CLANG_WARN_EMPTY_BODY = YES;
				CLANG_WARN_ENUM_CONVERSION = YES;
				CLANG_WARN_INT_CONVERSION = YES;
				CLANG_WARN_OBJC_ROOT_CLASS = YES_ERROR;
				CLANG_WARN_UNREACHABLE_CODE = YES;
				CLANG_WARN__DUPLICATE_METHOD_MATCH = YES;
				COPY_PHASE_STRIP = YES;
				DEBUG_INFORMATION_FORMAT = "dwarf-with-dsym";
				ENABLE_NS_ASSERTIONS = NO;
				ENABLE_STRICT_OBJC_MSGSEND = YES;
				GCC_C_LANGUAGE_STANDARD = gnu99;
				GCC_WARN_64_TO_32_BIT_CONVERSION = YES;
				GCC_WARN_ABOUT_RETURN_TYPE = YES_ERROR;
				GCC_WARN_UNDECLARED_SELECTOR = YES;
				GCC_WARN_UNINITIALIZED_AUTOS = YES_AGGRESSIVE;
				GCC_WARN_UNUSED_FUNCTION = YES;
				GCC_WARN_UNUSED_VARIABLE = YES;
				MACOSX_DEPLOYMENT_TARGET = 10.9;
				MTL_ENABLE_DEBUG_INFO = NO;
				SDKROOT = macosx;
			};
			name = Release;
		};
		1F7D82F81B4B11CB0061B5EA /* Debug */ = {
			isa = XCBuildConfiguration;
			buildSettings = {
				PRODUCT_NAME = "$(TARGET_NAME)";
			};
			name = Debug;
		};
		1F7D82F91B4B11CB0061B5EA /* Release */ = {
			isa = XCBuildConfiguration;
			buildSettings = {
				PRODUCT_NAME = "$(TARGET_NAME)";
			};
			name = Release;
		};
/* End XCBuildConfiguration section */

/* Begin XCConfigurationList section */
		1F7D82EB1B4B11CA0061B5EA /* Build configuration list for PBXProject "Region filling ScanLine Algorithm" */ = {
			isa = XCConfigurationList;
			buildConfigurations = (
				1F7D82F51B4B11CB0061B5EA /* Debug */,
				1F7D82F61B4B11CB0061B5EA /* Release */,
			);
			defaultConfigurationIsVisible = 0;
			defaultConfigurationName = Release;
		};
		1F7D82F71B4B11CB0061B5EA /* Build configuration list for PBXNativeTarget "Region filling ScanLine Algorithm" */ = {
			isa = XCConfigurationList;
			buildConfigurations = (
				1F7D82F81B4B11CB0061B5EA /* Debug */,
				1F7D82F91B4B11CB0061B5EA /* Release */,
			);
			defaultConfigurationIsVisible = 0;
		};
/* End XCConfigurationList section */
	};
	rootObject = 1F7D82E81B4B11CA0061B5EA /* Project object */;
}
